
Microsoft Visual Studio Solution File, Format Version 11.00
# Visual Studio 2010
Project("{FAE04EC0-301F-11D3-BF4B-00C04F79EFBC}") = "Tunisia Travel", "Tunisia Travel\Tunisia Travel.csproj", "{99C58F9F-43F3-4B8C-BAC1-EE168118BE93}"
EndProject
Project("{54435603-DBB4-11D2-8724-00A0C9A8B90C}") = "TunisiaTravel", "TunisiaTravel\TunisiaTravel.vdproj", "{7B59B34A-1487-46FE-A9A8-28AD7FA6F175}"
EndProject
Global
	GlobalSection(SolutionConfigurationPlatforms) = preSolution
		Debug|Any CPU = Debug|Any CPU
		Release|Any CPU = Release|Any CPU
	EndGlobalSection
	GlobalSection(ProjectConfigurationPlatforms) = postSolution
		{99C58F9F-43F3-4B8C-BAC1-EE168118BE93}.Debug|Any CPU.ActiveCfg = Debug|Any CPU
		{99C58F9F-43F3-4B8C-BAC1-EE168118BE93}.Debug|Any CPU.Build.0 = Debug|Any CPU
		{99C58F9F-43F3-4B8C-BAC1-EE168118BE93}.Release|Any CPU.ActiveCfg = Release|Any CPU
		{99C58F9F-43F3-4B8C-BAC1-EE168118BE93}.Release|Any CPU.Build.0 = Release|Any CPU
		{7B59B34A-1487-46FE-A9A8-28AD7FA6F175}.Debug|Any CPU.ActiveCfg = Debug
		{7B59B34A-1487-46FE-A9A8-28AD7FA6F175}.Release|Any CPU.ActiveCfg = Release
	EndGlobalSection
	GlobalSection(SolutionProperties) = preSolution
		HideSolutionNode = FALSE
	EndGlobalSection
EndGlobal
